
Microsoft Visual Studio Solution File, Format Version 12.00
# Visual Studio 15
VisualStudioVersion = 15.0.28307.329
MinimumVisualStudioVersion = 10.0.40219.1
Project("{FAE04EC0-301F-11D3-BF4B-00C04F79EFBC}") = "BlackJack", "BlackJack\BlackJack.csproj", "{2DE57F5F-712A-44D9-A1AA-500F6D5766CD}"
EndProject
Global
	GlobalSection(SolutionConfigurationPlatforms) = preSolution
		Debug|Any CPU = Debug|Any CPU
		Release|Any CPU = Release|Any CPU
	EndGlobalSection
	GlobalSection(ProjectConfigurationPlatforms) = postSolution
		{2DE57F5F-712A-44D9-A1AA-500F6D5766CD}.Debug|Any CPU.ActiveCfg = Debug|Any CPU
		{2DE57F5F-712A-44D9-A1AA-500F6D5766CD}.Debug|Any CPU.Build.0 = Debug|Any CPU
		{2DE57F5F-712A-44D9-A1AA-500F6D5766CD}.Release|Any CPU.ActiveCfg = Release|Any CPU
		{2DE57F5F-712A-44D9-A1AA-500F6D5766CD}.Release|Any CPU.Build.0 = Release|Any CPU
	EndGlobalSection
	GlobalSection(SolutionProperties) = preSolution
		HideSolutionNode = FALSE
	EndGlobalSection
	GlobalSection(ExtensibilityGlobals) = postSolution
		SolutionGuid = {02594999-6469-4C7F-984A-6B68A7F12090}
	EndGlobalSection
EndGlobal
