
Microsoft Visual Studio Solution File, Format Version 12.00
# Visual Studio 15
VisualStudioVersion = 15.0.28307.168
MinimumVisualStudioVersion = 10.0.40219.1
Project("{FAE04EC0-301F-11D3-BF4B-00C04F79EFBC}") = "MVCCoreMovie", "MVCCoreMovie\MVCCoreMovie.csproj", "{AF3C8E55-0207-4C25-A8AA-560D3EA68666}"
EndProject
Global
	GlobalSection(SolutionConfigurationPlatforms) = preSolution
		Debug|Any CPU = Debug|Any CPU
		Release|Any CPU = Release|Any CPU
	EndGlobalSection
	GlobalSection(ProjectConfigurationPlatforms) = postSolution
		{AF3C8E55-0207-4C25-A8AA-560D3EA68666}.Debug|Any CPU.ActiveCfg = Debug|Any CPU
		{AF3C8E55-0207-4C25-A8AA-560D3EA68666}.Debug|Any CPU.Build.0 = Debug|Any CPU
		{AF3C8E55-0207-4C25-A8AA-560D3EA68666}.Release|Any CPU.ActiveCfg = Release|Any CPU
		{AF3C8E55-0207-4C25-A8AA-560D3EA68666}.Release|Any CPU.Build.0 = Release|Any CPU
	EndGlobalSection
	GlobalSection(SolutionProperties) = preSolution
		HideSolutionNode = FALSE
	EndGlobalSection
	GlobalSection(ExtensibilityGlobals) = postSolution
		SolutionGuid = {8D0D2F5C-1B79-4CD9-BD12-91DC715ABDC0}
	EndGlobalSection
EndGlobal
