
Microsoft Visual Studio Solution File, Format Version 12.00
# Visual Studio 15
VisualStudioVersion = 15.0.28307.168
MinimumVisualStudioVersion = 10.0.40219.1
Project("{FAE04EC0-301F-11D3-BF4B-00C04F79EFBC}") = "ContosoUniversity", "ContosoUniversity\ContosoUniversity.csproj", "{491FB2B3-0F42-4200-A15E-CD5EC35AB2CF}"
EndProject
Global
	GlobalSection(SolutionConfigurationPlatforms) = preSolution
		Debug|Any CPU = Debug|Any CPU
		Release|Any CPU = Release|Any CPU
	EndGlobalSection
	GlobalSection(ProjectConfigurationPlatforms) = postSolution
		{491FB2B3-0F42-4200-A15E-CD5EC35AB2CF}.Debug|Any CPU.ActiveCfg = Debug|Any CPU
		{491FB2B3-0F42-4200-A15E-CD5EC35AB2CF}.Debug|Any CPU.Build.0 = Debug|Any CPU
		{491FB2B3-0F42-4200-A15E-CD5EC35AB2CF}.Release|Any CPU.ActiveCfg = Release|Any CPU
		{491FB2B3-0F42-4200-A15E-CD5EC35AB2CF}.Release|Any CPU.Build.0 = Release|Any CPU
	EndGlobalSection
	GlobalSection(SolutionProperties) = preSolution
		HideSolutionNode = FALSE
	EndGlobalSection
	GlobalSection(ExtensibilityGlobals) = postSolution
		SolutionGuid = {81C13C66-B3D3-4104-BBD0-940D4EA4BD9E}
	EndGlobalSection
EndGlobal
