
Microsoft Visual Studio Solution File, Format Version 12.00
# Visual Studio 15
VisualStudioVersion = 15.0.28307.168
MinimumVisualStudioVersion = 10.0.40219.1
Project("{FAE04EC0-301F-11D3-BF4B-00C04F79EFBC}") = "PetStore", "PetStore\PetStore.csproj", "{FDBE3F58-6D2E-490E-9494-E06288711B87}"
EndProject
Project("{2150E333-8FDC-42A3-9474-1A3956D46DE8}") = "Solution Items", "Solution Items", "{67F30206-F3D6-4D74-8431-F35BAC9F1E6C}"
EndProject
Global
	GlobalSection(SolutionConfigurationPlatforms) = preSolution
		Debug|Any CPU = Debug|Any CPU
		Release|Any CPU = Release|Any CPU
	EndGlobalSection
	GlobalSection(ProjectConfigurationPlatforms) = postSolution
		{FDBE3F58-6D2E-490E-9494-E06288711B87}.Debug|Any CPU.ActiveCfg = Debug|Any CPU
		{FDBE3F58-6D2E-490E-9494-E06288711B87}.Debug|Any CPU.Build.0 = Debug|Any CPU
		{FDBE3F58-6D2E-490E-9494-E06288711B87}.Release|Any CPU.ActiveCfg = Release|Any CPU
		{FDBE3F58-6D2E-490E-9494-E06288711B87}.Release|Any CPU.Build.0 = Release|Any CPU
	EndGlobalSection
	GlobalSection(SolutionProperties) = preSolution
		HideSolutionNode = FALSE
	EndGlobalSection
	GlobalSection(ExtensibilityGlobals) = postSolution
		SolutionGuid = {0145515D-8EF7-483F-8A45-5421EF41BDCD}
	EndGlobalSection
EndGlobal
