
Microsoft Visual Studio Solution File, Format Version 12.00
# Visual Studio 15
VisualStudioVersion = 15.0.28307.329
MinimumVisualStudioVersion = 10.0.40219.1
Project("{FAE04EC0-301F-11D3-BF4B-00C04F79EFBC}") = "ContosoUniversity", "ContosoUniversity\ContosoUniversity.csproj", "{290AED4A-BA4D-4006-BF3E-CD98E98DE52E}"
EndProject
Global
	GlobalSection(SolutionConfigurationPlatforms) = preSolution
		Debug|Any CPU = Debug|Any CPU
		Release|Any CPU = Release|Any CPU
	EndGlobalSection
	GlobalSection(ProjectConfigurationPlatforms) = postSolution
		{290AED4A-BA4D-4006-BF3E-CD98E98DE52E}.Debug|Any CPU.ActiveCfg = Debug|Any CPU
		{290AED4A-BA4D-4006-BF3E-CD98E98DE52E}.Debug|Any CPU.Build.0 = Debug|Any CPU
		{290AED4A-BA4D-4006-BF3E-CD98E98DE52E}.Release|Any CPU.ActiveCfg = Release|Any CPU
		{290AED4A-BA4D-4006-BF3E-CD98E98DE52E}.Release|Any CPU.Build.0 = Release|Any CPU
	EndGlobalSection
	GlobalSection(SolutionProperties) = preSolution
		HideSolutionNode = FALSE
	EndGlobalSection
	GlobalSection(ExtensibilityGlobals) = postSolution
		SolutionGuid = {4D4FAAB4-6E58-4CF0-9C73-AB454F8F685D}
	EndGlobalSection
EndGlobal
